
Microsoft Visual Studio Solution File, Format Version 12.00
Project("{FAE04EC0-301F-11D3-BF4B-00C04F79EFBC}") = "Datadog-sdk-android", "Datadog-sdk-android\Datadog-sdk-android.csproj", "{9B1D5369-1339-4E63-A263-CF27B4B81FA8}"
EndProject
Global
	GlobalSection(SolutionConfigurationPlatforms) = preSolution
		Debug|Any CPU = Debug|Any CPU
		Release|Any CPU = Release|Any CPU
	EndGlobalSection
	GlobalSection(ProjectConfigurationPlatforms) = postSolution
		{9B1D5369-1339-4E63-A263-CF27B4B81FA8}.Debug|Any CPU.ActiveCfg = Debug|Any CPU
		{9B1D5369-1339-4E63-A263-CF27B4B81FA8}.Debug|Any CPU.Build.0 = Debug|Any CPU
		{9B1D5369-1339-4E63-A263-CF27B4B81FA8}.Release|Any CPU.ActiveCfg = Release|Any CPU
		{9B1D5369-1339-4E63-A263-CF27B4B81FA8}.Release|Any CPU.Build.0 = Release|Any CPU
	EndGlobalSection
EndGlobal
